
Microsoft Visual Studio Solution File, Format Version 12.00
# Visual Studio Version 16
VisualStudioVersion = 16.0.29102.190
MinimumVisualStudioVersion = 10.0.40219.1
Project("{9A19103F-16F7-4668-BE54-9A1E7A4F7556}") = "Mini-Bot", "Mini-Bot\Mini-Bot.csproj", "{0D57E718-BC1B-4671-94FF-7F97C1402B9A}"
EndProject
Project("{FAE04EC0-301F-11D3-BF4B-00C04F79EFBC}") = "Mini-bot_Test", "Mini-bot_Test\Mini-bot_Test.csproj", "{F6E5F608-1AC9-4540-916C-4B68E2D6E3A7}"
EndProject
Global
	GlobalSection(SolutionConfigurationPlatforms) = preSolution
		Debug|Any CPU = Debug|Any CPU
		Release|Any CPU = Release|Any CPU
	EndGlobalSection
	GlobalSection(ProjectConfigurationPlatforms) = postSolution
		{0D57E718-BC1B-4671-94FF-7F97C1402B9A}.Debug|Any CPU.ActiveCfg = Debug|Any CPU
		{0D57E718-BC1B-4671-94FF-7F97C1402B9A}.Debug|Any CPU.Build.0 = Debug|Any CPU
		{0D57E718-BC1B-4671-94FF-7F97C1402B9A}.Release|Any CPU.ActiveCfg = Release|Any CPU
		{0D57E718-BC1B-4671-94FF-7F97C1402B9A}.Release|Any CPU.Build.0 = Release|Any CPU
		{F6E5F608-1AC9-4540-916C-4B68E2D6E3A7}.Debug|Any CPU.ActiveCfg = Debug|Any CPU
		{F6E5F608-1AC9-4540-916C-4B68E2D6E3A7}.Debug|Any CPU.Build.0 = Debug|Any CPU
		{F6E5F608-1AC9-4540-916C-4B68E2D6E3A7}.Release|Any CPU.ActiveCfg = Release|Any CPU
		{F6E5F608-1AC9-4540-916C-4B68E2D6E3A7}.Release|Any CPU.Build.0 = Release|Any CPU
	EndGlobalSection
	GlobalSection(SolutionProperties) = preSolution
		HideSolutionNode = FALSE
	EndGlobalSection
	GlobalSection(ExtensibilityGlobals) = postSolution
		SolutionGuid = {AA6B89AD-60EF-441D-B3FB-2EF7A7323323}
	EndGlobalSection
EndGlobal
